
Microsoft Visual Studio Solution File, Format Version 12.00
# Visual Studio Version 16
VisualStudioVersion = 16.0.32929.386
MinimumVisualStudioVersion = 10.0.40219.1
Project("{9A19103F-16F7-4668-BE54-9A1E7A4F7556}") = "TP_1", "TP_1.csproj", "{03A98AE0-267F-443D-B16D-FF7BA73B906E}"
EndProject
Project("{9A19103F-16F7-4668-BE54-9A1E7A4F7556}") = "Biblioteca", "..\Biblioteca\Biblioteca.csproj", "{F97B7D40-A3D8-4692-857A-D9CB20E1EDBA}"
EndProject
Global
	GlobalSection(SolutionConfigurationPlatforms) = preSolution
		Debug|Any CPU = Debug|Any CPU
		Release|Any CPU = Release|Any CPU
	EndGlobalSection
	GlobalSection(ProjectConfigurationPlatforms) = postSolution
		{03A98AE0-267F-443D-B16D-FF7BA73B906E}.Debug|Any CPU.ActiveCfg = Debug|Any CPU
		{03A98AE0-267F-443D-B16D-FF7BA73B906E}.Debug|Any CPU.Build.0 = Debug|Any CPU
		{03A98AE0-267F-443D-B16D-FF7BA73B906E}.Release|Any CPU.ActiveCfg = Release|Any CPU
		{03A98AE0-267F-443D-B16D-FF7BA73B906E}.Release|Any CPU.Build.0 = Release|Any CPU
		{F97B7D40-A3D8-4692-857A-D9CB20E1EDBA}.Debug|Any CPU.ActiveCfg = Debug|Any CPU
		{F97B7D40-A3D8-4692-857A-D9CB20E1EDBA}.Debug|Any CPU.Build.0 = Debug|Any CPU
		{F97B7D40-A3D8-4692-857A-D9CB20E1EDBA}.Release|Any CPU.ActiveCfg = Release|Any CPU
		{F97B7D40-A3D8-4692-857A-D9CB20E1EDBA}.Release|Any CPU.Build.0 = Release|Any CPU
	EndGlobalSection
	GlobalSection(SolutionProperties) = preSolution
		HideSolutionNode = FALSE
	EndGlobalSection
	GlobalSection(ExtensibilityGlobals) = postSolution
		SolutionGuid = {C691C0A5-36AF-4A7F-A0C9-D881F07B6061}
	EndGlobalSection
EndGlobal
